
Microsoft Visual Studio Solution File, Format Version 12.00
# Visual Studio Version 16
VisualStudioVersion = 16.0.30907.101
MinimumVisualStudioVersion = 10.0.40219.1
Project("{FAE04EC0-301F-11D3-BF4B-00C04F79EFBC}") = "CanSat_Terminal", "CanSat_Terminal.csproj", "{9B5622EB-225F-41A2-A29F-13DC4133F8F1}"
EndProject
Global
	GlobalSection(SolutionConfigurationPlatforms) = preSolution
		Debug|Any CPU = Debug|Any CPU
		Release|Any CPU = Release|Any CPU
	EndGlobalSection
	GlobalSection(ProjectConfigurationPlatforms) = postSolution
		{9B5622EB-225F-41A2-A29F-13DC4133F8F1}.Debug|Any CPU.ActiveCfg = Debug|Any CPU
		{9B5622EB-225F-41A2-A29F-13DC4133F8F1}.Debug|Any CPU.Build.0 = Debug|Any CPU
		{9B5622EB-225F-41A2-A29F-13DC4133F8F1}.Release|Any CPU.ActiveCfg = Release|Any CPU
		{9B5622EB-225F-41A2-A29F-13DC4133F8F1}.Release|Any CPU.Build.0 = Release|Any CPU
	EndGlobalSection
	GlobalSection(SolutionProperties) = preSolution
		HideSolutionNode = FALSE
	EndGlobalSection
	GlobalSection(ExtensibilityGlobals) = postSolution
		SolutionGuid = {3C944208-10CC-40B6-BA40-72032B85FE17}
	EndGlobalSection
EndGlobal
